{
  "name": "2022openhci_test",
  "version": "1.0.0",
  "lockfileVersion": 2,
  "requires": true,
  "packages": {
    "": {
      "name": "2022openhci_test",
      "version": "1.0.0",
      "license": "ISC",
      "dependencies": {
        "@types/smoothscroll-polyfill": "^0.3.1",
        "smoothscroll-polyfill": "^0.4.4"
      }
    },
    "node_modules/@types/smoothscroll-polyfill": {
      "version": "0.3.1",
      "resolved": "https://registry.npmjs.org/@types/smoothscroll-polyfill/-/smoothscroll-polyfill-0.3.1.tgz",
      "integrity": "sha512-+KkHw4y+EyeCtVXET7woHUhIbfWFCflc0E0mZnSV+ZdjPQeHt/9KPEuT7gSW/kFQ8O3EG30PLO++YhChDt8+Ag=="
    },
    "node_modules/smoothscroll-polyfill": {
      "version": "0.4.4",
      "resolved": "https://registry.npmjs.org/smoothscroll-polyfill/-/smoothscroll-polyfill-0.4.4.tgz",
      "integrity": "sha512-TK5ZA9U5RqCwMpfoMq/l1mrH0JAR7y7KRvOBx0n2869aLxch+gT9GhN3yUfjiw+d/DiF1mKo14+hd62JyMmoBg=="
    }
  },
  "dependencies": {
    "@types/smoothscroll-polyfill": {
      "version": "0.3.1",
      "resolved": "https://registry.npmjs.org/@types/smoothscroll-polyfill/-/smoothscroll-polyfill-0.3.1.tgz",
      "integrity": "sha512-+KkHw4y+EyeCtVXET7woHUhIbfWFCflc0E0mZnSV+ZdjPQeHt/9KPEuT7gSW/kFQ8O3EG30PLO++YhChDt8+Ag=="
    },
    "smoothscroll-polyfill": {
      "version": "0.4.4",
      "resolved": "https://registry.npmjs.org/smoothscroll-polyfill/-/smoothscroll-polyfill-0.4.4.tgz",
      "integrity": "sha512-TK5ZA9U5RqCwMpfoMq/l1mrH0JAR7y7KRvOBx0n2869aLxch+gT9GhN3yUfjiw+d/DiF1mKo14+hd62JyMmoBg=="
    }
  }
}
